
Microsoft Visual Studio Solution File, Format Version 12.00
# Visual Studio Version 16
VisualStudioVersion = 16.0.35026.282
MinimumVisualStudioVersion = 10.0.40219.1
Project("{FAE04EC0-301F-11D3-BF4B-00C04F79EFBC}") = "Sales_Forecasting_webapp", "Sales_Forecasting_webapp\Sales_Forecasting_webapp.csproj", "{C501E3C9-CB3D-4790-8564-2E64E08CABF7}"
EndProject
Global
	GlobalSection(SolutionConfigurationPlatforms) = preSolution
		Debug|Any CPU = Debug|Any CPU
		Release|Any CPU = Release|Any CPU
	EndGlobalSection
	GlobalSection(ProjectConfigurationPlatforms) = postSolution
		{C501E3C9-CB3D-4790-8564-2E64E08CABF7}.Debug|Any CPU.ActiveCfg = Debug|Any CPU
		{C501E3C9-CB3D-4790-8564-2E64E08CABF7}.Debug|Any CPU.Build.0 = Debug|Any CPU
		{C501E3C9-CB3D-4790-8564-2E64E08CABF7}.Release|Any CPU.ActiveCfg = Release|Any CPU
		{C501E3C9-CB3D-4790-8564-2E64E08CABF7}.Release|Any CPU.Build.0 = Release|Any CPU
	EndGlobalSection
	GlobalSection(SolutionProperties) = preSolution
		HideSolutionNode = FALSE
	EndGlobalSection
	GlobalSection(ExtensibilityGlobals) = postSolution
		SolutionGuid = {F946188D-AAFC-4780-BB1B-424C9DF2C891}
	EndGlobalSection
EndGlobal
